
Microsoft Visual Studio Solution File, Format Version 12.00
# Visual Studio Version 17
VisualStudioVersion = 17.13.35806.99 d17.13
MinimumVisualStudioVersion = 10.0.40219.1
Project("{FC65038C-1B2F-41E1-A629-BED71D161FFF}") = "Exchange (ISV) [Fleet Management]", "Exchange\Exchange.rnrproj", "{58254FD0-030D-4AEC-8C3C-CDD483A30358}"
EndProject
Global
	GlobalSection(SolutionConfigurationPlatforms) = preSolution
		Debug|Any CPU = Debug|Any CPU
	EndGlobalSection
	GlobalSection(ProjectConfigurationPlatforms) = postSolution
		{58254FD0-030D-4AEC-8C3C-CDD483A30358}.Debug|Any CPU.ActiveCfg = Debug|Any CPU
		{58254FD0-030D-4AEC-8C3C-CDD483A30358}.Debug|Any CPU.Build.0 = Debug|Any CPU
	EndGlobalSection
	GlobalSection(SolutionProperties) = preSolution
		HideSolutionNode = FALSE
	EndGlobalSection
	GlobalSection(ExtensibilityGlobals) = postSolution
		SolutionGuid = {AFCAFF3E-CC7B-467A-B5FF-E313141ED41E}
	EndGlobalSection
EndGlobal
